// !$*UTF8*$!
{
	archiveVersion = 1;
	classes = {
	};
	objectVersion = 50;
	objects = {

/* Begin PBXBuildFile section */
		88B0F2962679E01E00CB015A /* AlbumsTableViewCell.swift in Sources */ = {isa = PBXBuildFile; fileRef = 88B0F2942679E01E00CB015A /* AlbumsTableViewCell.swift */; };
		88B0F2972679E01E00CB015A /* AlbumsTableViewCell.xib in Resources */ = {isa = PBXBuildFile; fileRef = 88B0F2952679E01E00CB015A /* AlbumsTableViewCell.xib */; };
		88B0F2992679E08E00CB015A /* Extension + UITableView.swift in Sources */ = {isa = PBXBuildFile; fileRef = 88B0F2982679E08E00CB015A /* Extension + UITableView.swift */; };
		88B0F29D2679E49B00CB015A /* PhotosCollectionViewCell.swift in Sources */ = {isa = PBXBuildFile; fileRef = 88B0F29B2679E49B00CB015A /* PhotosCollectionViewCell.swift */; };
		88B0F29E2679E49B00CB015A /* PhotosCollectionViewCell.xib in Resources */ = {isa = PBXBuildFile; fileRef = 88B0F29C2679E49B00CB015A /* PhotosCollectionViewCell.xib */; };
		88B0F2A7267A001A00CB015A /* TableViewHeader.swift in Sources */ = {isa = PBXBuildFile; fileRef = 88B0F2A5267A001A00CB015A /* TableViewHeader.swift */; };
		88B0F2A8267A001A00CB015A /* TableViewHeader.xib in Resources */ = {isa = PBXBuildFile; fileRef = 88B0F2A6267A001A00CB015A /* TableViewHeader.xib */; };
		DD552A39267912DC00BA355E /* AppDelegate.swift in Sources */ = {isa = PBXBuildFile; fileRef = DD552A38267912DC00BA355E /* AppDelegate.swift */; };
		DD552A3B267912DC00BA355E /* SceneDelegate.swift in Sources */ = {isa = PBXBuildFile; fileRef = DD552A3A267912DC00BA355E /* SceneDelegate.swift */; };
		DD552A3D267912DC00BA355E /* ViewController.swift in Sources */ = {isa = PBXBuildFile; fileRef = DD552A3C267912DC00BA355E /* ViewController.swift */; };
		DD552A40267912DC00BA355E /* Main.storyboard in Resources */ = {isa = PBXBuildFile; fileRef = DD552A3E267912DC00BA355E /* Main.storyboard */; };
		DD552A42267912E100BA355E /* Assets.xcassets in Resources */ = {isa = PBXBuildFile; fileRef = DD552A41267912E100BA355E /* Assets.xcassets */; };
		DD552A45267912E100BA355E /* LaunchScreen.storyboard in Resources */ = {isa = PBXBuildFile; fileRef = DD552A43267912E100BA355E /* LaunchScreen.storyboard */; };
		DD552A512679161E00BA355E /* Observable.swift in Sources */ = {isa = PBXBuildFile; fileRef = DD552A502679161E00BA355E /* Observable.swift */; };
		DD552A54267916CD00BA355E /* NetworkService.swift in Sources */ = {isa = PBXBuildFile; fileRef = DD552A53267916CD00BA355E /* NetworkService.swift */; };
		DD552A562679173200BA355E /* NetworkError.swift in Sources */ = {isa = PBXBuildFile; fileRef = DD552A552679173200BA355E /* NetworkError.swift */; };
		DD552A58267917D000BA355E /* NetworkConstants.swift in Sources */ = {isa = PBXBuildFile; fileRef = DD552A57267917D000BA355E /* NetworkConstants.swift */; };
		DD552A5A2679182400BA355E /* NetworkResponse.swift in Sources */ = {isa = PBXBuildFile; fileRef = DD552A592679182400BA355E /* NetworkResponse.swift */; };
		DD552A5D26791B9E00BA355E /* AlbumService.swift in Sources */ = {isa = PBXBuildFile; fileRef = DD552A5C26791B9E00BA355E /* AlbumService.swift */; };
		DD552A652679248900BA355E /* AlbumsResponseModel.swift in Sources */ = {isa = PBXBuildFile; fileRef = DD552A642679248900BA355E /* AlbumsResponseModel.swift */; };
		DD552A67267924E800BA355E /* PhotosResponseModel.swift in Sources */ = {isa = PBXBuildFile; fileRef = DD552A66267924E800BA355E /* PhotosResponseModel.swift */; };
		DD552A6B2679255000BA355E /* PhotosRequestModel.swift in Sources */ = {isa = PBXBuildFile; fileRef = DD552A6A2679255000BA355E /* PhotosRequestModel.swift */; };
		DD552A6D2679259300BA355E /* AlbumsRequestModel.swift in Sources */ = {isa = PBXBuildFile; fileRef = DD552A6C2679259300BA355E /* AlbumsRequestModel.swift */; };
		DD552A732679275500BA355E /* AlbumsViewController.swift in Sources */ = {isa = PBXBuildFile; fileRef = DD552A712679275500BA355E /* AlbumsViewController.swift */; };
		DD552A742679275500BA355E /* AlbumsViewController.xib in Resources */ = {isa = PBXBuildFile; fileRef = DD552A722679275500BA355E /* AlbumsViewController.xib */; };
		DD552A762679277C00BA355E /* AlbumsViewModel.swift in Sources */ = {isa = PBXBuildFile; fileRef = DD552A752679277C00BA355E /* AlbumsViewModel.swift */; };
		DD552A792679283E00BA355E /* Extension + UIResponder.swift in Sources */ = {isa = PBXBuildFile; fileRef = DD552A782679283E00BA355E /* Extension + UIResponder.swift */; };
/* End PBXBuildFile section */

/* Begin PBXFileReference section */
		88B0F2942679E01E00CB015A /* AlbumsTableViewCell.swift */ = {isa = PBXFileReference; lastKnownFileType = sourcecode.swift; path = AlbumsTableViewCell.swift; sourceTree = "<group>"; };
		88B0F2952679E01E00CB015A /* AlbumsTableViewCell.xib */ = {isa = PBXFileReference; lastKnownFileType = file.xib; path = AlbumsTableViewCell.xib; sourceTree = "<group>"; };
		88B0F2982679E08E00CB015A /* Extension + UITableView.swift */ = {isa = PBXFileReference; lastKnownFileType = sourcecode.swift; path = "Extension + UITableView.swift"; sourceTree = "<group>"; };
		88B0F29B2679E49B00CB015A /* PhotosCollectionViewCell.swift */ = {isa = PBXFileReference; lastKnownFileType = sourcecode.swift; path = PhotosCollectionViewCell.swift; sourceTree = "<group>"; };
		88B0F29C2679E49B00CB015A /* PhotosCollectionViewCell.xib */ = {isa = PBXFileReference; lastKnownFileType = file.xib; path = PhotosCollectionViewCell.xib; sourceTree = "<group>"; };
		88B0F2A5267A001A00CB015A /* TableViewHeader.swift */ = {isa = PBXFileReference; lastKnownFileType = sourcecode.swift; path = TableViewHeader.swift; sourceTree = "<group>"; };
		88B0F2A6267A001A00CB015A /* TableViewHeader.xib */ = {isa = PBXFileReference; lastKnownFileType = file.xib; path = TableViewHeader.xib; sourceTree = "<group>"; };
		DD552A35267912DC00BA355E /* Task.app */ = {isa = PBXFileReference; explicitFileType = wrapper.application; includeInIndex = 0; path = Task.app; sourceTree = BUILT_PRODUCTS_DIR; };
		DD552A38267912DC00BA355E /* AppDelegate.swift */ = {isa = PBXFileReference; lastKnownFileType = sourcecode.swift; path = AppDelegate.swift; sourceTree = "<group>"; };
		DD552A3A267912DC00BA355E /* SceneDelegate.swift */ = {isa = PBXFileReference; lastKnownFileType = sourcecode.swift; path = SceneDelegate.swift; sourceTree = "<group>"; };
		DD552A3C267912DC00BA355E /* ViewController.swift */ = {isa = PBXFileReference; lastKnownFileType = sourcecode.swift; path = ViewController.swift; sourceTree = "<group>"; };
		DD552A3F267912DC00BA355E /* Base */ = {isa = PBXFileReference; lastKnownFileType = file.storyboard; name = Base; path = Base.lproj/Main.storyboard; sourceTree = "<group>"; };
		DD552A41267912E100BA355E /* Assets.xcassets */ = {isa = PBXFileReference; lastKnownFileType = folder.assetcatalog; path = Assets.xcassets; sourceTree = "<group>"; };
		DD552A44267912E100BA355E /* Base */ = {isa = PBXFileReference; lastKnownFileType = file.storyboard; name = Base; path = Base.lproj/LaunchScreen.storyboard; sourceTree = "<group>"; };
		DD552A46267912E100BA355E /* Info.plist */ = {isa = PBXFileReference; lastKnownFileType = text.plist.xml; path = Info.plist; sourceTree = "<group>"; };
		DD552A502679161E00BA355E /* Observable.swift */ = {isa = PBXFileReference; lastKnownFileType = sourcecode.swift; path = Observable.swift; sourceTree = "<group>"; };
		DD552A53267916CD00BA355E /* NetworkService.swift */ = {isa = PBXFileReference; lastKnownFileType = sourcecode.swift; path = NetworkService.swift; sourceTree = "<group>"; };
		DD552A552679173200BA355E /* NetworkError.swift */ = {isa = PBXFileReference; lastKnownFileType = sourcecode.swift; path = NetworkError.swift; sourceTree = "<group>"; };
		DD552A57267917D000BA355E /* NetworkConstants.swift */ = {isa = PBXFileReference; lastKnownFileType = sourcecode.swift; path = NetworkConstants.swift; sourceTree = "<group>"; };
		DD552A592679182400BA355E /* NetworkResponse.swift */ = {isa = PBXFileReference; lastKnownFileType = sourcecode.swift; path = NetworkResponse.swift; sourceTree = "<group>"; };
		DD552A5C26791B9E00BA355E /* AlbumService.swift */ = {isa = PBXFileReference; lastKnownFileType = sourcecode.swift; path = AlbumService.swift; sourceTree = "<group>"; };
		DD552A642679248900BA355E /* AlbumsResponseModel.swift */ = {isa = PBXFileReference; lastKnownFileType = sourcecode.swift; path = AlbumsResponseModel.swift; sourceTree = "<group>"; };
		DD552A66267924E800BA355E /* PhotosResponseModel.swift */ = {isa = PBXFileReference; lastKnownFileType = sourcecode.swift; path = PhotosResponseModel.swift; sourceTree = "<group>"; };
		DD552A6A2679255000BA355E /* PhotosRequestModel.swift */ = {isa = PBXFileReference; lastKnownFileType = sourcecode.swift; path = PhotosRequestModel.swift; sourceTree = "<group>"; };
		DD552A6C2679259300BA355E /* AlbumsRequestModel.swift */ = {isa = PBXFileReference; lastKnownFileType = sourcecode.swift; path = AlbumsRequestModel.swift; sourceTree = "<group>"; };
		DD552A712679275500BA355E /* AlbumsViewController.swift */ = {isa = PBXFileReference; lastKnownFileType = sourcecode.swift; path = AlbumsViewController.swift; sourceTree = "<group>"; };
		DD552A722679275500BA355E /* AlbumsViewController.xib */ = {isa = PBXFileReference; lastKnownFileType = file.xib; path = AlbumsViewController.xib; sourceTree = "<group>"; };
		DD552A752679277C00BA355E /* AlbumsViewModel.swift */ = {isa = PBXFileReference; lastKnownFileType = sourcecode.swift; path = AlbumsViewModel.swift; sourceTree = "<group>"; };
		DD552A782679283E00BA355E /* Extension + UIResponder.swift */ = {isa = PBXFileReference; lastKnownFileType = sourcecode.swift; path = "Extension + UIResponder.swift"; sourceTree = "<group>"; };
/* End PBXFileReference section */

/* Begin PBXFrameworksBuildPhase section */
		DD552A32267912DC00BA355E /* Frameworks */ = {
			isa = PBXFrameworksBuildPhase;
			buildActionMask = 2147483647;
			files = (
			);
			runOnlyForDeploymentPostprocessing = 0;
		};
/* End PBXFrameworksBuildPhase section */

/* Begin PBXGroup section */
		88B0F2922679DFFB00CB015A /* Views */ = {
			isa = PBXGroup;
			children = (
				88B0F2A32679FFF700CB015A /* TableViewHeader */,
				88B0F29A2679E32100CB015A /* PhotosCollectionViewCell */,
				88B0F2932679E00300CB015A /* AlbumsTableViewCell */,
			);
			path = Views;
			sourceTree = "<group>";
		};
		88B0F2932679E00300CB015A /* AlbumsTableViewCell */ = {
			isa = PBXGroup;
			children = (
				88B0F2942679E01E00CB015A /* AlbumsTableViewCell.swift */,
				88B0F2952679E01E00CB015A /* AlbumsTableViewCell.xib */,
			);
			path = AlbumsTableViewCell;
			sourceTree = "<group>";
		};
		88B0F29A2679E32100CB015A /* PhotosCollectionViewCell */ = {
			isa = PBXGroup;
			children = (
				88B0F29B2679E49B00CB015A /* PhotosCollectionViewCell.swift */,
				88B0F29C2679E49B00CB015A /* PhotosCollectionViewCell.xib */,
			);
			path = PhotosCollectionViewCell;
			sourceTree = "<group>";
		};
		88B0F2A32679FFF700CB015A /* TableViewHeader */ = {
			isa = PBXGroup;
			children = (
				88B0F2A5267A001A00CB015A /* TableViewHeader.swift */,
				88B0F2A6267A001A00CB015A /* TableViewHeader.xib */,
			);
			path = TableViewHeader;
			sourceTree = "<group>";
		};
		DD552A2C267912DC00BA355E = {
			isa = PBXGroup;
			children = (
				DD552A37267912DC00BA355E /* Task */,
				DD552A36267912DC00BA355E /* Products */,
			);
			sourceTree = "<group>";
		};
		DD552A36267912DC00BA355E /* Products */ = {
			isa = PBXGroup;
			children = (
				DD552A35267912DC00BA355E /* Task.app */,
			);
			name = Products;
			sourceTree = "<group>";
		};
		DD552A37267912DC00BA355E /* Task */ = {
			isa = PBXGroup;
			children = (
				DD552A6E267926F600BA355E /* AlbumsScene */,
				DD552A4C267912F200BA355E /* Application */,
				DD552A3C267912DC00BA355E /* ViewController.swift */,
				DD552A3E267912DC00BA355E /* Main.storyboard */,
				DD552A522679165000BA355E /* Network */,
				DD552A4E267913E800BA355E /* Utils */,
				DD552A4D2679135A00BA355E /* Resources */,
			);
			path = Task;
			sourceTree = "<group>";
		};
		DD552A4C267912F200BA355E /* Application */ = {
			isa = PBXGroup;
			children = (
				DD552A38267912DC00BA355E /* AppDelegate.swift */,
				DD552A3A267912DC00BA355E /* SceneDelegate.swift */,
			);
			path = Application;
			sourceTree = "<group>";
		};
		DD552A4D2679135A00BA355E /* Resources */ = {
			isa = PBXGroup;
			children = (
				DD552A46267912E100BA355E /* Info.plist */,
				DD552A41267912E100BA355E /* Assets.xcassets */,
				DD552A43267912E100BA355E /* LaunchScreen.storyboard */,
			);
			path = Resources;
			sourceTree = "<group>";
		};
		DD552A4E267913E800BA355E /* Utils */ = {
			isa = PBXGroup;
			children = (
				DD552A772679281F00BA355E /* Extensions */,
				DD552A4F2679160300BA355E /* Observable */,
			);
			path = Utils;
			sourceTree = "<group>";
		};
		DD552A4F2679160300BA355E /* Observable */ = {
			isa = PBXGroup;
			children = (
				DD552A502679161E00BA355E /* Observable.swift */,
			);
			path = Observable;
			sourceTree = "<group>";
		};
		DD552A522679165000BA355E /* Network */ = {
			isa = PBXGroup;
			children = (
				DD552A53267916CD00BA355E /* NetworkService.swift */,
				DD552A552679173200BA355E /* NetworkError.swift */,
				DD552A57267917D000BA355E /* NetworkConstants.swift */,
				DD552A592679182400BA355E /* NetworkResponse.swift */,
				DD552A5B26791B4F00BA355E /* AlbumsService */,
			);
			path = Network;
			sourceTree = "<group>";
		};
		DD552A5B26791B4F00BA355E /* AlbumsService */ = {
			isa = PBXGroup;
			children = (
				DD552A5F26791D1400BA355E /* RequestModel */,
				DD552A5E26791D0B00BA355E /* ResponseModel */,
				DD552A5C26791B9E00BA355E /* AlbumService.swift */,
			);
			path = AlbumsService;
			sourceTree = "<group>";
		};
		DD552A5E26791D0B00BA355E /* ResponseModel */ = {
			isa = PBXGroup;
			children = (
				DD552A642679248900BA355E /* AlbumsResponseModel.swift */,
				DD552A66267924E800BA355E /* PhotosResponseModel.swift */,
			);
			path = ResponseModel;
			sourceTree = "<group>";
		};
		DD552A5F26791D1400BA355E /* RequestModel */ = {
			isa = PBXGroup;
			children = (
				DD552A6A2679255000BA355E /* PhotosRequestModel.swift */,
				DD552A6C2679259300BA355E /* AlbumsRequestModel.swift */,
			);
			path = RequestModel;
			sourceTree = "<group>";
		};
		DD552A6E267926F600BA355E /* AlbumsScene */ = {
			isa = PBXGroup;
			children = (
				DD552A702679272300BA355E /* ViewModel */,
				DD552A6F2679271D00BA355E /* View */,
			);
			path = AlbumsScene;
			sourceTree = "<group>";
		};
		DD552A6F2679271D00BA355E /* View */ = {
			isa = PBXGroup;
			children = (
				88B0F2922679DFFB00CB015A /* Views */,
				DD552A712679275500BA355E /* AlbumsViewController.swift */,
				DD552A722679275500BA355E /* AlbumsViewController.xib */,
			);
			path = View;
			sourceTree = "<group>";
		};
		DD552A702679272300BA355E /* ViewModel */ = {
			isa = PBXGroup;
			children = (
				DD552A752679277C00BA355E /* AlbumsViewModel.swift */,
			);
			path = ViewModel;
			sourceTree = "<group>";
		};
		DD552A772679281F00BA355E /* Extensions */ = {
			isa = PBXGroup;
			children = (
				DD552A782679283E00BA355E /* Extension + UIResponder.swift */,
				88B0F2982679E08E00CB015A /* Extension + UITableView.swift */,
			);
			path = Extensions;
			sourceTree = "<group>";
		};
/* End PBXGroup section */

/* Begin PBXNativeTarget section */
		DD552A34267912DC00BA355E /* Task */ = {
			isa = PBXNativeTarget;
			buildConfigurationList = DD552A49267912E100BA355E /* Build configuration list for PBXNativeTarget "Task" */;
			buildPhases = (
				DD552A31267912DC00BA355E /* Sources */,
				DD552A32267912DC00BA355E /* Frameworks */,
				DD552A33267912DC00BA355E /* Resources */,
			);
			buildRules = (
			);
			dependencies = (
			);
			name = Task;
			productName = Task;
			productReference = DD552A35267912DC00BA355E /* Task.app */;
			productType = "com.apple.product-type.application";
		};
/* End PBXNativeTarget section */

/* Begin PBXProject section */
		DD552A2D267912DC00BA355E /* Project object */ = {
			isa = PBXProject;
			attributes = {
				LastSwiftUpdateCheck = 1250;
				LastUpgradeCheck = 1250;
				TargetAttributes = {
					DD552A34267912DC00BA355E = {
						CreatedOnToolsVersion = 12.5;
					};
				};
			};
			buildConfigurationList = DD552A30267912DC00BA355E /* Build configuration list for PBXProject "Task" */;
			compatibilityVersion = "Xcode 9.3";
			developmentRegion = en;
			hasScannedForEncodings = 0;
			knownRegions = (
				en,
				Base,
			);
			mainGroup = DD552A2C267912DC00BA355E;
			productRefGroup = DD552A36267912DC00BA355E /* Products */;
			projectDirPath = "";
			projectRoot = "";
			targets = (
				DD552A34267912DC00BA355E /* Task */,
			);
		};
/* End PBXProject section */

/* Begin PBXResourcesBuildPhase section */
		DD552A33267912DC00BA355E /* Resources */ = {
			isa = PBXResourcesBuildPhase;
			buildActionMask = 2147483647;
			files = (
				DD552A742679275500BA355E /* AlbumsViewController.xib in Resources */,
				DD552A45267912E100BA355E /* LaunchScreen.storyboard in Resources */,
				88B0F2A8267A001A00CB015A /* TableViewHeader.xib in Resources */,
				88B0F2972679E01E00CB015A /* AlbumsTableViewCell.xib in Resources */,
				88B0F29E2679E49B00CB015A /* PhotosCollectionViewCell.xib in Resources */,
				DD552A42267912E100BA355E /* Assets.xcassets in Resources */,
				DD552A40267912DC00BA355E /* Main.storyboard in Resources */,
			);
			runOnlyForDeploymentPostprocessing = 0;
		};
/* End PBXResourcesBuildPhase section */

/* Begin PBXSourcesBuildPhase section */
		DD552A31267912DC00BA355E /* Sources */ = {
			isa = PBXSourcesBuildPhase;
			buildActionMask = 2147483647;
			files = (
				88B0F2962679E01E00CB015A /* AlbumsTableViewCell.swift in Sources */,
				DD552A792679283E00BA355E /* Extension + UIResponder.swift in Sources */,
				DD552A732679275500BA355E /* AlbumsViewController.swift in Sources */,
				DD552A58267917D000BA355E /* NetworkConstants.swift in Sources */,
				DD552A5A2679182400BA355E /* NetworkResponse.swift in Sources */,
				DD552A54267916CD00BA355E /* NetworkService.swift in Sources */,
				DD552A512679161E00BA355E /* Observable.swift in Sources */,
				DD552A652679248900BA355E /* AlbumsResponseModel.swift in Sources */,
				DD552A3D267912DC00BA355E /* ViewController.swift in Sources */,
				DD552A5D26791B9E00BA355E /* AlbumService.swift in Sources */,
				DD552A562679173200BA355E /* NetworkError.swift in Sources */,
				88B0F2992679E08E00CB015A /* Extension + UITableView.swift in Sources */,
				88B0F2A7267A001A00CB015A /* TableViewHeader.swift in Sources */,
				DD552A39267912DC00BA355E /* AppDelegate.swift in Sources */,
				DD552A3B267912DC00BA355E /* SceneDelegate.swift in Sources */,
				DD552A67267924E800BA355E /* PhotosResponseModel.swift in Sources */,
				DD552A6D2679259300BA355E /* AlbumsRequestModel.swift in Sources */,
				DD552A6B2679255000BA355E /* PhotosRequestModel.swift in Sources */,
				88B0F29D2679E49B00CB015A /* PhotosCollectionViewCell.swift in Sources */,
				DD552A762679277C00BA355E /* AlbumsViewModel.swift in Sources */,
			);
			runOnlyForDeploymentPostprocessing = 0;
		};
/* End PBXSourcesBuildPhase section */

/* Begin PBXVariantGroup section */
		DD552A3E267912DC00BA355E /* Main.storyboard */ = {
			isa = PBXVariantGroup;
			children = (
				DD552A3F267912DC00BA355E /* Base */,
			);
			name = Main.storyboard;
			sourceTree = "<group>";
		};
		DD552A43267912E100BA355E /* LaunchScreen.storyboard */ = {
			isa = PBXVariantGroup;
			children = (
				DD552A44267912E100BA355E /* Base */,
			);
			name = LaunchScreen.storyboard;
			sourceTree = "<group>";
		};
/* End PBXVariantGroup section */

/* Begin XCBuildConfiguration section */
		DD552A47267912E100BA355E /* Debug */ = {
			isa = XCBuildConfiguration;
			buildSettings = {
				ALWAYS_SEARCH_USER_PATHS = NO;
				CLANG_ANALYZER_NONNULL = YES;
				CLANG_ANALYZER_NUMBER_OBJECT_CONVERSION = YES_AGGRESSIVE;
				CLANG_CXX_LANGUAGE_STANDARD = "gnu++14";
				CLANG_CXX_LIBRARY = "libc++";
				CLANG_ENABLE_MODULES = YES;
				CLANG_ENABLE_OBJC_ARC = YES;
				CLANG_ENABLE_OBJC_WEAK = YES;
				CLANG_WARN_BLOCK_CAPTURE_AUTORELEASING = YES;
				CLANG_WARN_BOOL_CONVERSION = YES;
				CLANG_WARN_COMMA = YES;
				CLANG_WARN_CONSTANT_CONVERSION = YES;
				CLANG_WARN_DEPRECATED_OBJC_IMPLEMENTATIONS = YES;
				CLANG_WARN_DIRECT_OBJC_ISA_USAGE = YES_ERROR;
				CLANG_WARN_DOCUMENTATION_COMMENTS = YES;
				CLANG_WARN_EMPTY_BODY = YES;
				CLANG_WARN_ENUM_CONVERSION = YES;
				CLANG_WARN_INFINITE_RECURSION = YES;
				CLANG_WARN_INT_CONVERSION = YES;
				CLANG_WARN_NON_LITERAL_NULL_CONVERSION = YES;
				CLANG_WARN_OBJC_IMPLICIT_RETAIN_SELF = YES;
				CLANG_WARN_OBJC_LITERAL_CONVERSION = YES;
				CLANG_WARN_OBJC_ROOT_CLASS = YES_ERROR;
				CLANG_WARN_QUOTED_INCLUDE_IN_FRAMEWORK_HEADER = YES;
				CLANG_WARN_RANGE_LOOP_ANALYSIS = YES;
				CLANG_WARN_STRICT_PROTOTYPES = YES;
				CLANG_WARN_SUSPICIOUS_MOVE = YES;
				CLANG_WARN_UNGUARDED_AVAILABILITY = YES_AGGRESSIVE;
				CLANG_WARN_UNREACHABLE_CODE = YES;
				CLANG_WARN__DUPLICATE_METHOD_MATCH = YES;
				COPY_PHASE_STRIP = NO;
				DEBUG_INFORMATION_FORMAT = dwarf;
				ENABLE_STRICT_OBJC_MSGSEND = YES;
				ENABLE_TESTABILITY = YES;
				GCC_C_LANGUAGE_STANDARD = gnu11;
				GCC_DYNAMIC_NO_PIC = NO;
				GCC_NO_COMMON_BLOCKS = YES;
				GCC_OPTIMIZATION_LEVEL = 0;
				GCC_PREPROCESSOR_DEFINITIONS = (
					"DEBUG=1",
					"$(inherited)",
				);
				GCC_WARN_64_TO_32_BIT_CONVERSION = YES;
				GCC_WARN_ABOUT_RETURN_TYPE = YES_ERROR;
				GCC_WARN_UNDECLARED_SELECTOR = YES;
				GCC_WARN_UNINITIALIZED_AUTOS = YES_AGGRESSIVE;
				GCC_WARN_UNUSED_FUNCTION = YES;
				GCC_WARN_UNUSED_VARIABLE = YES;
				IPHONEOS_DEPLOYMENT_TARGET = 14.5;
				MTL_ENABLE_DEBUG_INFO = INCLUDE_SOURCE;
				MTL_FAST_MATH = YES;
				ONLY_ACTIVE_ARCH = YES;
				SDKROOT = iphoneos;
				SWIFT_ACTIVE_COMPILATION_CONDITIONS = DEBUG;
				SWIFT_OPTIMIZATION_LEVEL = "-Onone";
			};
			name = Debug;
		};
		DD552A48267912E100BA355E /* Release */ = {
			isa = XCBuildConfiguration;
			buildSettings = {
				ALWAYS_SEARCH_USER_PATHS = NO;
				CLANG_ANALYZER_NONNULL = YES;
				CLANG_ANALYZER_NUMBER_OBJECT_CONVERSION = YES_AGGRESSIVE;
				CLANG_CXX_LANGUAGE_STANDARD = "gnu++14";
				CLANG_CXX_LIBRARY = "libc++";
				CLANG_ENABLE_MODULES = YES;
				CLANG_ENABLE_OBJC_ARC = YES;
				CLANG_ENABLE_OBJC_WEAK = YES;
				CLANG_WARN_BLOCK_CAPTURE_AUTORELEASING = YES;
				CLANG_WARN_BOOL_CONVERSION = YES;
				CLANG_WARN_COMMA = YES;
				CLANG_WARN_CONSTANT_CONVERSION = YES;
				CLANG_WARN_DEPRECATED_OBJC_IMPLEMENTATIONS = YES;
				CLANG_WARN_DIRECT_OBJC_ISA_USAGE = YES_ERROR;
				CLANG_WARN_DOCUMENTATION_COMMENTS = YES;
				CLANG_WARN_EMPTY_BODY = YES;
				CLANG_WARN_ENUM_CONVERSION = YES;
				CLANG_WARN_INFINITE_RECURSION = YES;
				CLANG_WARN_INT_CONVERSION = YES;
				CLANG_WARN_NON_LITERAL_NULL_CONVERSION = YES;
				CLANG_WARN_OBJC_IMPLICIT_RETAIN_SELF = YES;
				CLANG_WARN_OBJC_LITERAL_CONVERSION = YES;
				CLANG_WARN_OBJC_ROOT_CLASS = YES_ERROR;
				CLANG_WARN_QUOTED_INCLUDE_IN_FRAMEWORK_HEADER = YES;
				CLANG_WARN_RANGE_LOOP_ANALYSIS = YES;
				CLANG_WARN_STRICT_PROTOTYPES = YES;
				CLANG_WARN_SUSPICIOUS_MOVE = YES;
				CLANG_WARN_UNGUARDED_AVAILABILITY = YES_AGGRESSIVE;
				CLANG_WARN_UNREACHABLE_CODE = YES;
				CLANG_WARN__DUPLICATE_METHOD_MATCH = YES;
				COPY_PHASE_STRIP = NO;
				DEBUG_INFORMATION_FORMAT = "dwarf-with-dsym";
				ENABLE_NS_ASSERTIONS = NO;
				ENABLE_STRICT_OBJC_MSGSEND = YES;
				GCC_C_LANGUAGE_STANDARD = gnu11;
				GCC_NO_COMMON_BLOCKS = YES;
				GCC_WARN_64_TO_32_BIT_CONVERSION = YES;
				GCC_WARN_ABOUT_RETURN_TYPE = YES_ERROR;
				GCC_WARN_UNDECLARED_SELECTOR = YES;
				GCC_WARN_UNINITIALIZED_AUTOS = YES_AGGRESSIVE;
				GCC_WARN_UNUSED_FUNCTION = YES;
				GCC_WARN_UNUSED_VARIABLE = YES;
				IPHONEOS_DEPLOYMENT_TARGET = 14.5;
				MTL_ENABLE_DEBUG_INFO = NO;
				MTL_FAST_MATH = YES;
				SDKROOT = iphoneos;
				SWIFT_COMPILATION_MODE = wholemodule;
				SWIFT_OPTIMIZATION_LEVEL = "-O";
				VALIDATE_PRODUCT = YES;
			};
			name = Release;
		};
		DD552A4A267912E100BA355E /* Debug */ = {
			isa = XCBuildConfiguration;
			buildSettings = {
				ASSETCATALOG_COMPILER_APPICON_NAME = AppIcon;
				ASSETCATALOG_COMPILER_GLOBAL_ACCENT_COLOR_NAME = AccentColor;
				CODE_SIGN_STYLE = Automatic;
				DEVELOPMENT_TEAM = 4PS5F8YW72;
				INFOPLIST_FILE = Task/Resources/Info.plist;
				IPHONEOS_DEPLOYMENT_TARGET = 13.4;
				LD_RUNPATH_SEARCH_PATHS = (
					"$(inherited)",
					"@executable_path/Frameworks",
				);
				PRODUCT_BUNDLE_IDENTIFIER = com.hovomalkhasyan.Task;
				PRODUCT_NAME = "$(TARGET_NAME)";
				SWIFT_VERSION = 5.0;
				TARGETED_DEVICE_FAMILY = "1,2";
			};
			name = Debug;
		};
		DD552A4B267912E100BA355E /* Release */ = {
			isa = XCBuildConfiguration;
			buildSettings = {
				ASSETCATALOG_COMPILER_APPICON_NAME = AppIcon;
				ASSETCATALOG_COMPILER_GLOBAL_ACCENT_COLOR_NAME = AccentColor;
				CODE_SIGN_STYLE = Automatic;
				DEVELOPMENT_TEAM = 4PS5F8YW72;
				INFOPLIST_FILE = Task/Resources/Info.plist;
				IPHONEOS_DEPLOYMENT_TARGET = 13.4;
				LD_RUNPATH_SEARCH_PATHS = (
					"$(inherited)",
					"@executable_path/Frameworks",
				);
				PRODUCT_BUNDLE_IDENTIFIER = com.hovomalkhasyan.Task;
				PRODUCT_NAME = "$(TARGET_NAME)";
				SWIFT_VERSION = 5.0;
				TARGETED_DEVICE_FAMILY = "1,2";
			};
			name = Release;
		};
/* End XCBuildConfiguration section */

/* Begin XCConfigurationList section */
		DD552A30267912DC00BA355E /* Build configuration list for PBXProject "Task" */ = {
			isa = XCConfigurationList;
			buildConfigurations = (
				DD552A47267912E100BA355E /* Debug */,
				DD552A48267912E100BA355E /* Release */,
			);
			defaultConfigurationIsVisible = 0;
			defaultConfigurationName = Release;
		};
		DD552A49267912E100BA355E /* Build configuration list for PBXNativeTarget "Task" */ = {
			isa = XCConfigurationList;
			buildConfigurations = (
				DD552A4A267912E100BA355E /* Debug */,
				DD552A4B267912E100BA355E /* Release */,
			);
			defaultConfigurationIsVisible = 0;
			defaultConfigurationName = Release;
		};
/* End XCConfigurationList section */
	};
	rootObject = DD552A2D267912DC00BA355E /* Project object */;
}
